
Microsoft Visual Studio Solution File, Format Version 12.00
# Visual Studio Version 17
VisualStudioVersion = 17.0.31903.59
MinimumVisualStudioVersion = 10.0.40219.1
Project("{9A19103F-16F7-4668-BE54-9A1E7A4F7556}") = "DistributedWebCrawler.Core", "DistributedWebCrawler.Core\DistributedWebCrawler.Core.csproj", "{5B3B13A5-B799-4057-B1AB-D1498BBC04F4}"
EndProject
Project("{9A19103F-16F7-4668-BE54-9A1E7A4F7556}") = "DistributedWebCrawler.Console", "DistributedWebCrawler.Console\DistributedWebCrawler.Console.csproj", "{A2E2C60F-0831-48A9-B855-81974DFE257C}"
EndProject
Project("{9A19103F-16F7-4668-BE54-9A1E7A4F7556}") = "DistributedWebCrawler.Extensions.DependencyInjection", "DistributedWebCrawler.Extensions.DependencyInjection\DistributedWebCrawler.Extensions.DependencyInjection.csproj", "{B08DBE5D-FE9F-44F2-BC64-759025135D30}"
EndProject
Project("{9A19103F-16F7-4668-BE54-9A1E7A4F7556}") = "DistributedWebCrawler.ManagerAPI", "DistributedWebCrawler.ManagerAPI\DistributedWebCrawler.ManagerAPI.csproj", "{CDD7CBCE-B4AC-4D06-B934-2C9BCADE2B21}"
EndProject
Project("{9A19103F-16F7-4668-BE54-9A1E7A4F7556}") = "DistributedWebCrawler.Extensions.RabbitMQ", "DistributedWebCrawler.Extensions.RabbitMQ\DistributedWebCrawler.Extensions.RabbitMQ.csproj", "{0258B73D-71FB-4210-BBA1-CA6290B5129E}"
EndProject
Project("{E53339B2-1760-4266-BCC7-CA923CBCF16C}") = "docker-compose", "docker-compose.dcproj", "{15FE459C-83B5-4DCA-B22F-D7C779697843}"
EndProject
Global
	GlobalSection(SolutionConfigurationPlatforms) = preSolution
		Debug|Any CPU = Debug|Any CPU
		Release|Any CPU = Release|Any CPU
	EndGlobalSection
	GlobalSection(ProjectConfigurationPlatforms) = postSolution
		{5B3B13A5-B799-4057-B1AB-D1498BBC04F4}.Debug|Any CPU.ActiveCfg = Debug|Any CPU
		{5B3B13A5-B799-4057-B1AB-D1498BBC04F4}.Debug|Any CPU.Build.0 = Debug|Any CPU
		{5B3B13A5-B799-4057-B1AB-D1498BBC04F4}.Release|Any CPU.ActiveCfg = Release|Any CPU
		{5B3B13A5-B799-4057-B1AB-D1498BBC04F4}.Release|Any CPU.Build.0 = Release|Any CPU
		{A2E2C60F-0831-48A9-B855-81974DFE257C}.Debug|Any CPU.ActiveCfg = Debug|Any CPU
		{A2E2C60F-0831-48A9-B855-81974DFE257C}.Debug|Any CPU.Build.0 = Debug|Any CPU
		{A2E2C60F-0831-48A9-B855-81974DFE257C}.Release|Any CPU.ActiveCfg = Release|Any CPU
		{A2E2C60F-0831-48A9-B855-81974DFE257C}.Release|Any CPU.Build.0 = Release|Any CPU
		{B08DBE5D-FE9F-44F2-BC64-759025135D30}.Debug|Any CPU.ActiveCfg = Debug|Any CPU
		{B08DBE5D-FE9F-44F2-BC64-759025135D30}.Debug|Any CPU.Build.0 = Debug|Any CPU
		{B08DBE5D-FE9F-44F2-BC64-759025135D30}.Release|Any CPU.ActiveCfg = Release|Any CPU
		{B08DBE5D-FE9F-44F2-BC64-759025135D30}.Release|Any CPU.Build.0 = Release|Any CPU
		{CDD7CBCE-B4AC-4D06-B934-2C9BCADE2B21}.Debug|Any CPU.ActiveCfg = Debug|Any CPU
		{CDD7CBCE-B4AC-4D06-B934-2C9BCADE2B21}.Debug|Any CPU.Build.0 = Debug|Any CPU
		{CDD7CBCE-B4AC-4D06-B934-2C9BCADE2B21}.Release|Any CPU.ActiveCfg = Release|Any CPU
		{CDD7CBCE-B4AC-4D06-B934-2C9BCADE2B21}.Release|Any CPU.Build.0 = Release|Any CPU
		{0258B73D-71FB-4210-BBA1-CA6290B5129E}.Debug|Any CPU.ActiveCfg = Debug|Any CPU
		{0258B73D-71FB-4210-BBA1-CA6290B5129E}.Debug|Any CPU.Build.0 = Debug|Any CPU
		{0258B73D-71FB-4210-BBA1-CA6290B5129E}.Release|Any CPU.ActiveCfg = Release|Any CPU
		{0258B73D-71FB-4210-BBA1-CA6290B5129E}.Release|Any CPU.Build.0 = Release|Any CPU
		{15FE459C-83B5-4DCA-B22F-D7C779697843}.Debug|Any CPU.ActiveCfg = Debug|Any CPU
		{15FE459C-83B5-4DCA-B22F-D7C779697843}.Debug|Any CPU.Build.0 = Debug|Any CPU
		{15FE459C-83B5-4DCA-B22F-D7C779697843}.Release|Any CPU.ActiveCfg = Release|Any CPU
		{15FE459C-83B5-4DCA-B22F-D7C779697843}.Release|Any CPU.Build.0 = Release|Any CPU
	EndGlobalSection
	GlobalSection(SolutionProperties) = preSolution
		HideSolutionNode = FALSE
	EndGlobalSection
	GlobalSection(ExtensibilityGlobals) = postSolution
		SolutionGuid = {CA02D266-A9FC-480A-8DB2-754632516419}
	EndGlobalSection
EndGlobal
